
Microsoft Visual Studio Solution File, Format Version 10.00
# Visual Studio 2008
Project("{FAE04EC0-301F-11D3-BF4B-00C04F79EFBC}") = "BusinessLogicLayer", "BusinessLogicLayer\BusinessLogicLayer.csproj", "{E2907CCD-EB85-4E7B-8F72-7FE829F54234}"
EndProject
Project("{FAE04EC0-301F-11D3-BF4B-00C04F79EFBC}") = "DataAccessLayer", "DataAccessLayer\DataAccessLayer.csproj", "{1D8BED7D-7D26-4A16-9C76-3AF85874EFA6}"
EndProject
Project("{FAE04EC0-301F-11D3-BF4B-00C04F79EFBC}") = "DBIntegrity", "DBIntegrity\DBIntegrity.csproj", "{660DC428-9AB8-4E02-AFE4-782D8B479FDA}"
EndProject
Project("{FAE04EC0-301F-11D3-BF4B-00C04F79EFBC}") = "Logger", "Logger\Logger.csproj", "{4411A069-BFED-4E88-9015-81D1235343D6}"
EndProject
Project("{FAE04EC0-301F-11D3-BF4B-00C04F79EFBC}") = "MiSMDR", "MiSMDR\MiSMDR.csproj", "{5EDF9E80-56D2-427A-910C-83DDDAB78230}"
EndProject
Project("{FAE04EC0-301F-11D3-BF4B-00C04F79EFBC}") = "MitelManager", "MitelManager\MitelManager.csproj", "{1B17042D-15E1-47C1-9E48-4C4237ADDFFC}"
EndProject
Project("{FAE04EC0-301F-11D3-BF4B-00C04F79EFBC}") = "Sessions", "SessionTracker\Sessions.csproj", "{C050E823-BB15-494A-B8F0-AC693DC76A0A}"
EndProject
Project("{FAE04EC0-301F-11D3-BF4B-00C04F79EFBC}") = "Security", "Security\Security.csproj", "{1ABADDF5-F6AF-46D7-853D-49E243AF9CF7}"
EndProject
Global
	GlobalSection(SolutionConfigurationPlatforms) = preSolution
		Debug - Stock|Any CPU = Debug - Stock|Any CPU
		Debug - Stock|Compact Framework (ARMV4) = Debug - Stock|Compact Framework (ARMV4)
		Debug - Stock|Itanium = Debug - Stock|Itanium
		Debug - Stock|Mixed Platforms = Debug - Stock|Mixed Platforms
		Debug - Stock|Pocket PC 2003 (ARMV4) = Debug - Stock|Pocket PC 2003 (ARMV4)
		Debug - Stock|Win32 = Debug - Stock|Win32
		Debug - Stock|x64 = Debug - Stock|x64
		Debug|Any CPU = Debug|Any CPU
		Debug|Compact Framework (ARMV4) = Debug|Compact Framework (ARMV4)
		Debug|Itanium = Debug|Itanium
		Debug|Mixed Platforms = Debug|Mixed Platforms
		Debug|Pocket PC 2003 (ARMV4) = Debug|Pocket PC 2003 (ARMV4)
		Debug|Win32 = Debug|Win32
		Debug|x64 = Debug|x64
		Release - Stock|Any CPU = Release - Stock|Any CPU
		Release - Stock|Compact Framework (ARMV4) = Release - Stock|Compact Framework (ARMV4)
		Release - Stock|Itanium = Release - Stock|Itanium
		Release - Stock|Mixed Platforms = Release - Stock|Mixed Platforms
		Release - Stock|Pocket PC 2003 (ARMV4) = Release - Stock|Pocket PC 2003 (ARMV4)
		Release - Stock|Win32 = Release - Stock|Win32
		Release - Stock|x64 = Release - Stock|x64
		Release|Any CPU = Release|Any CPU
		Release|Compact Framework (ARMV4) = Release|Compact Framework (ARMV4)
		Release|Itanium = Release|Itanium
		Release|Mixed Platforms = Release|Mixed Platforms
		Release|Pocket PC 2003 (ARMV4) = Release|Pocket PC 2003 (ARMV4)
		Release|Win32 = Release|Win32
		Release|x64 = Release|x64
		StockDebug|Any CPU = StockDebug|Any CPU
		StockDebug|Compact Framework (ARMV4) = StockDebug|Compact Framework (ARMV4)
		StockDebug|Itanium = StockDebug|Itanium
		StockDebug|Mixed Platforms = StockDebug|Mixed Platforms
		StockDebug|Pocket PC 2003 (ARMV4) = StockDebug|Pocket PC 2003 (ARMV4)
		StockDebug|Win32 = StockDebug|Win32
		StockDebug|x64 = StockDebug|x64
	EndGlobalSection
	GlobalSection(ProjectConfigurationPlatforms) = postSolution
		{E2907CCD-EB85-4E7B-8F72-7FE829F54234}.Debug - Stock|Any CPU.ActiveCfg = Debug|Any CPU
		{E2907CCD-EB85-4E7B-8F72-7FE829F54234}.Debug - Stock|Any CPU.Build.0 = Debug|Any CPU
		{E2907CCD-EB85-4E7B-8F72-7FE829F54234}.Debug - Stock|Compact Framework (ARMV4).ActiveCfg = Debug|Any CPU
		{E2907CCD-EB85-4E7B-8F72-7FE829F54234}.Debug - Stock|Itanium.ActiveCfg = Debug|Any CPU
		{E2907CCD-EB85-4E7B-8F72-7FE829F54234}.Debug - Stock|Mixed Platforms.ActiveCfg = Debug|Any CPU
		{E2907CCD-EB85-4E7B-8F72-7FE829F54234}.Debug - Stock|Mixed Platforms.Build.0 = Debug|Any CPU
		{E2907CCD-EB85-4E7B-8F72-7FE829F54234}.Debug - Stock|Pocket PC 2003 (ARMV4).ActiveCfg = Debug|Any CPU
		{E2907CCD-EB85-4E7B-8F72-7FE829F54234}.Debug - Stock|Win32.ActiveCfg = Debug|Any CPU
		{E2907CCD-EB85-4E7B-8F72-7FE829F54234}.Debug - Stock|x64.ActiveCfg = Debug|Any CPU
		{E2907CCD-EB85-4E7B-8F72-7FE829F54234}.Debug|Any CPU.ActiveCfg = Debug|Any CPU
		{E2907CCD-EB85-4E7B-8F72-7FE829F54234}.Debug|Any CPU.Build.0 = Debug|Any CPU
		{E2907CCD-EB85-4E7B-8F72-7FE829F54234}.Debug|Compact Framework (ARMV4).ActiveCfg = Debug|Any CPU
		{E2907CCD-EB85-4E7B-8F72-7FE829F54234}.Debug|Itanium.ActiveCfg = Debug|Any CPU
		{E2907CCD-EB85-4E7B-8F72-7FE829F54234}.Debug|Mixed Platforms.ActiveCfg = Debug|Any CPU
		{E2907CCD-EB85-4E7B-8F72-7FE829F54234}.Debug|Mixed Platforms.Build.0 = Debug|Any CPU
		{E2907CCD-EB85-4E7B-8F72-7FE829F54234}.Debug|Pocket PC 2003 (ARMV4).ActiveCfg = Debug|Any CPU
		{E2907CCD-EB85-4E7B-8F72-7FE829F54234}.Debug|Win32.ActiveCfg = Debug|Any CPU
		{E2907CCD-EB85-4E7B-8F72-7FE829F54234}.Debug|x64.ActiveCfg = Debug|Any CPU
		{E2907CCD-EB85-4E7B-8F72-7FE829F54234}.Release - Stock|Any CPU.ActiveCfg = Release|Any CPU
		{E2907CCD-EB85-4E7B-8F72-7FE829F54234}.Release - Stock|Any CPU.Build.0 = Release|Any CPU
		{E2907CCD-EB85-4E7B-8F72-7FE829F54234}.Release - Stock|Compact Framework (ARMV4).ActiveCfg = Release|Any CPU
		{E2907CCD-EB85-4E7B-8F72-7FE829F54234}.Release - Stock|Itanium.ActiveCfg = Release|Any CPU
		{E2907CCD-EB85-4E7B-8F72-7FE829F54234}.Release - Stock|Mixed Platforms.ActiveCfg = Release|Any CPU
		{E2907CCD-EB85-4E7B-8F72-7FE829F54234}.Release - Stock|Mixed Platforms.Build.0 = Release|Any CPU
		{E2907CCD-EB85-4E7B-8F72-7FE829F54234}.Release - Stock|Pocket PC 2003 (ARMV4).ActiveCfg = Release|Any CPU
		{E2907CCD-EB85-4E7B-8F72-7FE829F54234}.Release - Stock|Win32.ActiveCfg = Release|Any CPU
		{E2907CCD-EB85-4E7B-8F72-7FE829F54234}.Release - Stock|x64.ActiveCfg = Release|Any CPU
		{E2907CCD-EB85-4E7B-8F72-7FE829F54234}.Release|Any CPU.ActiveCfg = Release|Any CPU
		{E2907CCD-EB85-4E7B-8F72-7FE829F54234}.Release|Any CPU.Build.0 = Release|Any CPU
		{E2907CCD-EB85-4E7B-8F72-7FE829F54234}.Release|Compact Framework (ARMV4).ActiveCfg = Release|Any CPU
		{E2907CCD-EB85-4E7B-8F72-7FE829F54234}.Release|Itanium.ActiveCfg = Release|Any CPU
		{E2907CCD-EB85-4E7B-8F72-7FE829F54234}.Release|Mixed Platforms.ActiveCfg = Release|Any CPU
		{E2907CCD-EB85-4E7B-8F72-7FE829F54234}.Release|Mixed Platforms.Build.0 = Release|Any CPU
		{E2907CCD-EB85-4E7B-8F72-7FE829F54234}.Release|Pocket PC 2003 (ARMV4).ActiveCfg = Release|Any CPU
		{E2907CCD-EB85-4E7B-8F72-7FE829F54234}.Release|Win32.ActiveCfg = Release|Any CPU
		{E2907CCD-EB85-4E7B-8F72-7FE829F54234}.Release|x64.ActiveCfg = Release|Any CPU
		{E2907CCD-EB85-4E7B-8F72-7FE829F54234}.StockDebug|Any CPU.ActiveCfg = Debug|Any CPU
		{E2907CCD-EB85-4E7B-8F72-7FE829F54234}.StockDebug|Any CPU.Build.0 = Debug|Any CPU
		{E2907CCD-EB85-4E7B-8F72-7FE829F54234}.StockDebug|Compact Framework (ARMV4).ActiveCfg = Debug|Any CPU
		{E2907CCD-EB85-4E7B-8F72-7FE829F54234}.StockDebug|Itanium.ActiveCfg = Debug|Any CPU
		{E2907CCD-EB85-4E7B-8F72-7FE829F54234}.StockDebug|Mixed Platforms.ActiveCfg = Debug|Any CPU
		{E2907CCD-EB85-4E7B-8F72-7FE829F54234}.StockDebug|Mixed Platforms.Build.0 = Debug|Any CPU
		{E2907CCD-EB85-4E7B-8F72-7FE829F54234}.StockDebug|Pocket PC 2003 (ARMV4).ActiveCfg = Debug|Any CPU
		{E2907CCD-EB85-4E7B-8F72-7FE829F54234}.StockDebug|Win32.ActiveCfg = Debug|Any CPU
		{E2907CCD-EB85-4E7B-8F72-7FE829F54234}.StockDebug|x64.ActiveCfg = Debug|Any CPU
		{1D8BED7D-7D26-4A16-9C76-3AF85874EFA6}.Debug - Stock|Any CPU.ActiveCfg = Debug|Any CPU
		{1D8BED7D-7D26-4A16-9C76-3AF85874EFA6}.Debug - Stock|Any CPU.Build.0 = Debug|Any CPU
		{1D8BED7D-7D26-4A16-9C76-3AF85874EFA6}.Debug - Stock|Compact Framework (ARMV4).ActiveCfg = Debug|Any CPU
		{1D8BED7D-7D26-4A16-9C76-3AF85874EFA6}.Debug - Stock|Itanium.ActiveCfg = Debug|Any CPU
		{1D8BED7D-7D26-4A16-9C76-3AF85874EFA6}.Debug - Stock|Mixed Platforms.ActiveCfg = Debug|Any CPU
		{1D8BED7D-7D26-4A16-9C76-3AF85874EFA6}.Debug - Stock|Mixed Platforms.Build.0 = Debug|Any CPU
		{1D8BED7D-7D26-4A16-9C76-3AF85874EFA6}.Debug - Stock|Pocket PC 2003 (ARMV4).ActiveCfg = Debug|Any CPU
		{1D8BED7D-7D26-4A16-9C76-3AF85874EFA6}.Debug - Stock|Win32.ActiveCfg = Debug|Any CPU
		{1D8BED7D-7D26-4A16-9C76-3AF85874EFA6}.Debug - Stock|x64.ActiveCfg = Debug|Any CPU
		{1D8BED7D-7D26-4A16-9C76-3AF85874EFA6}.Debug|Any CPU.ActiveCfg = Debug|Any CPU
		{1D8BED7D-7D26-4A16-9C76-3AF85874EFA6}.Debug|Any CPU.Build.0 = Debug|Any CPU
		{1D8BED7D-7D26-4A16-9C76-3AF85874EFA6}.Debug|Compact Framework (ARMV4).ActiveCfg = Debug|Any CPU
		{1D8BED7D-7D26-4A16-9C76-3AF85874EFA6}.Debug|Itanium.ActiveCfg = Debug|Any CPU
		{1D8BED7D-7D26-4A16-9C76-3AF85874EFA6}.Debug|Mixed Platforms.ActiveCfg = Debug|Any CPU
		{1D8BED7D-7D26-4A16-9C76-3AF85874EFA6}.Debug|Mixed Platforms.Build.0 = Debug|Any CPU
		{1D8BED7D-7D26-4A16-9C76-3AF85874EFA6}.Debug|Pocket PC 2003 (ARMV4).ActiveCfg = Debug|Any CPU
		{1D8BED7D-7D26-4A16-9C76-3AF85874EFA6}.Debug|Win32.ActiveCfg = Debug|Any CPU
		{1D8BED7D-7D26-4A16-9C76-3AF85874EFA6}.Debug|x64.ActiveCfg = Debug|Any CPU
		{1D8BED7D-7D26-4A16-9C76-3AF85874EFA6}.Release - Stock|Any CPU.ActiveCfg = Release|Any CPU
		{1D8BED7D-7D26-4A16-9C76-3AF85874EFA6}.Release - Stock|Any CPU.Build.0 = Release|Any CPU
		{1D8BED7D-7D26-4A16-9C76-3AF85874EFA6}.Release - Stock|Compact Framework (ARMV4).ActiveCfg = Release|Any CPU
		{1D8BED7D-7D26-4A16-9C76-3AF85874EFA6}.Release - Stock|Itanium.ActiveCfg = Release|Any CPU
		{1D8BED7D-7D26-4A16-9C76-3AF85874EFA6}.Release - Stock|Mixed Platforms.ActiveCfg = Release|Any CPU
		{1D8BED7D-7D26-4A16-9C76-3AF85874EFA6}.Release - Stock|Mixed Platforms.Build.0 = Release|Any CPU
		{1D8BED7D-7D26-4A16-9C76-3AF85874EFA6}.Release - Stock|Pocket PC 2003 (ARMV4).ActiveCfg = Release|Any CPU
		{1D8BED7D-7D26-4A16-9C76-3AF85874EFA6}.Release - Stock|Win32.ActiveCfg = Release|Any CPU
		{1D8BED7D-7D26-4A16-9C76-3AF85874EFA6}.Release - Stock|x64.ActiveCfg = Release|Any CPU
		{1D8BED7D-7D26-4A16-9C76-3AF85874EFA6}.Release|Any CPU.ActiveCfg = Release|Any CPU
		{1D8BED7D-7D26-4A16-9C76-3AF85874EFA6}.Release|Any CPU.Build.0 = Release|Any CPU
		{1D8BED7D-7D26-4A16-9C76-3AF85874EFA6}.Release|Compact Framework (ARMV4).ActiveCfg = Release|Any CPU
		{1D8BED7D-7D26-4A16-9C76-3AF85874EFA6}.Release|Itanium.ActiveCfg = Release|Any CPU
		{1D8BED7D-7D26-4A16-9C76-3AF85874EFA6}.Release|Mixed Platforms.ActiveCfg = Release|Any CPU
		{1D8BED7D-7D26-4A16-9C76-3AF85874EFA6}.Release|Mixed Platforms.Build.0 = Release|Any CPU
		{1D8BED7D-7D26-4A16-9C76-3AF85874EFA6}.Release|Pocket PC 2003 (ARMV4).ActiveCfg = Release|Any CPU
		{1D8BED7D-7D26-4A16-9C76-3AF85874EFA6}.Release|Win32.ActiveCfg = Release|Any CPU
		{1D8BED7D-7D26-4A16-9C76-3AF85874EFA6}.Release|x64.ActiveCfg = Release|Any CPU
		{1D8BED7D-7D26-4A16-9C76-3AF85874EFA6}.StockDebug|Any CPU.ActiveCfg = Debug|Any CPU
		{1D8BED7D-7D26-4A16-9C76-3AF85874EFA6}.StockDebug|Any CPU.Build.0 = Debug|Any CPU
		{1D8BED7D-7D26-4A16-9C76-3AF85874EFA6}.StockDebug|Compact Framework (ARMV4).ActiveCfg = Debug|Any CPU
		{1D8BED7D-7D26-4A16-9C76-3AF85874EFA6}.StockDebug|Itanium.ActiveCfg = Debug|Any CPU
		{1D8BED7D-7D26-4A16-9C76-3AF85874EFA6}.StockDebug|Mixed Platforms.ActiveCfg = Debug|Any CPU
		{1D8BED7D-7D26-4A16-9C76-3AF85874EFA6}.StockDebug|Mixed Platforms.Build.0 = Debug|Any CPU
		{1D8BED7D-7D26-4A16-9C76-3AF85874EFA6}.StockDebug|Pocket PC 2003 (ARMV4).ActiveCfg = Debug|Any CPU
		{1D8BED7D-7D26-4A16-9C76-3AF85874EFA6}.StockDebug|Win32.ActiveCfg = Debug|Any CPU
		{1D8BED7D-7D26-4A16-9C76-3AF85874EFA6}.StockDebug|x64.ActiveCfg = Debug|Any CPU
		{660DC428-9AB8-4E02-AFE4-782D8B479FDA}.Debug - Stock|Any CPU.ActiveCfg = Debug|Any CPU
		{660DC428-9AB8-4E02-AFE4-782D8B479FDA}.Debug - Stock|Any CPU.Build.0 = Debug|Any CPU
		{660DC428-9AB8-4E02-AFE4-782D8B479FDA}.Debug - Stock|Compact Framework (ARMV4).ActiveCfg = Debug|Any CPU
		{660DC428-9AB8-4E02-AFE4-782D8B479FDA}.Debug - Stock|Itanium.ActiveCfg = Debug|Any CPU
		{660DC428-9AB8-4E02-AFE4-782D8B479FDA}.Debug - Stock|Mixed Platforms.ActiveCfg = Debug|Any CPU
		{660DC428-9AB8-4E02-AFE4-782D8B479FDA}.Debug - Stock|Mixed Platforms.Build.0 = Debug|Any CPU
		{660DC428-9AB8-4E02-AFE4-782D8B479FDA}.Debug - Stock|Pocket PC 2003 (ARMV4).ActiveCfg = Debug|Any CPU
		{660DC428-9AB8-4E02-AFE4-782D8B479FDA}.Debug - Stock|Win32.ActiveCfg = Debug|Any CPU
		{660DC428-9AB8-4E02-AFE4-782D8B479FDA}.Debug - Stock|x64.ActiveCfg = Debug|Any CPU
		{660DC428-9AB8-4E02-AFE4-782D8B479FDA}.Debug|Any CPU.ActiveCfg = Debug|Any CPU
		{660DC428-9AB8-4E02-AFE4-782D8B479FDA}.Debug|Any CPU.Build.0 = Debug|Any CPU
		{660DC428-9AB8-4E02-AFE4-782D8B479FDA}.Debug|Compact Framework (ARMV4).ActiveCfg = Debug|Any CPU
		{660DC428-9AB8-4E02-AFE4-782D8B479FDA}.Debug|Itanium.ActiveCfg = Debug|Any CPU
		{660DC428-9AB8-4E02-AFE4-782D8B479FDA}.Debug|Mixed Platforms.ActiveCfg = Debug|Any CPU
		{660DC428-9AB8-4E02-AFE4-782D8B479FDA}.Debug|Mixed Platforms.Build.0 = Debug|Any CPU
		{660DC428-9AB8-4E02-AFE4-782D8B479FDA}.Debug|Pocket PC 2003 (ARMV4).ActiveCfg = Debug|Any CPU
		{660DC428-9AB8-4E02-AFE4-782D8B479FDA}.Debug|Win32.ActiveCfg = Debug|Any CPU
		{660DC428-9AB8-4E02-AFE4-782D8B479FDA}.Debug|x64.ActiveCfg = Debug|Any CPU
		{660DC428-9AB8-4E02-AFE4-782D8B479FDA}.Release - Stock|Any CPU.ActiveCfg = Release|Any CPU
		{660DC428-9AB8-4E02-AFE4-782D8B479FDA}.Release - Stock|Any CPU.Build.0 = Release|Any CPU
		{660DC428-9AB8-4E02-AFE4-782D8B479FDA}.Release - Stock|Compact Framework (ARMV4).ActiveCfg = Release|Any CPU
		{660DC428-9AB8-4E02-AFE4-782D8B479FDA}.Release - Stock|Itanium.ActiveCfg = Release|Any CPU
		{660DC428-9AB8-4E02-AFE4-782D8B479FDA}.Release - Stock|Mixed Platforms.ActiveCfg = Release|Any CPU
		{660DC428-9AB8-4E02-AFE4-782D8B479FDA}.Release - Stock|Mixed Platforms.Build.0 = Release|Any CPU
		{660DC428-9AB8-4E02-AFE4-782D8B479FDA}.Release - Stock|Pocket PC 2003 (ARMV4).ActiveCfg = Release|Any CPU
		{660DC428-9AB8-4E02-AFE4-782D8B479FDA}.Release - Stock|Win32.ActiveCfg = Release|Any CPU
		{660DC428-9AB8-4E02-AFE4-782D8B479FDA}.Release - Stock|x64.ActiveCfg = Release|Any CPU
		{660DC428-9AB8-4E02-AFE4-782D8B479FDA}.Release|Any CPU.ActiveCfg = Release|Any CPU
		{660DC428-9AB8-4E02-AFE4-782D8B479FDA}.Release|Any CPU.Build.0 = Release|Any CPU
		{660DC428-9AB8-4E02-AFE4-782D8B479FDA}.Release|Compact Framework (ARMV4).ActiveCfg = Release|Any CPU
		{660DC428-9AB8-4E02-AFE4-782D8B479FDA}.Release|Itanium.ActiveCfg = Release|Any CPU
		{660DC428-9AB8-4E02-AFE4-782D8B479FDA}.Release|Mixed Platforms.ActiveCfg = Release|Any CPU
		{660DC428-9AB8-4E02-AFE4-782D8B479FDA}.Release|Mixed Platforms.Build.0 = Release|Any CPU
		{660DC428-9AB8-4E02-AFE4-782D8B479FDA}.Release|Pocket PC 2003 (ARMV4).ActiveCfg = Release|Any CPU
		{660DC428-9AB8-4E02-AFE4-782D8B479FDA}.Release|Win32.ActiveCfg = Release|Any CPU
		{660DC428-9AB8-4E02-AFE4-782D8B479FDA}.Release|x64.ActiveCfg = Release|Any CPU
		{660DC428-9AB8-4E02-AFE4-782D8B479FDA}.StockDebug|Any CPU.ActiveCfg = Debug|Any CPU
		{660DC428-9AB8-4E02-AFE4-782D8B479FDA}.StockDebug|Any CPU.Build.0 = Debug|Any CPU
		{660DC428-9AB8-4E02-AFE4-782D8B479FDA}.StockDebug|Compact Framework (ARMV4).ActiveCfg = Debug|Any CPU
		{660DC428-9AB8-4E02-AFE4-782D8B479FDA}.StockDebug|Itanium.ActiveCfg = Debug|Any CPU
		{660DC428-9AB8-4E02-AFE4-782D8B479FDA}.StockDebug|Mixed Platforms.ActiveCfg = Debug|Any CPU
		{660DC428-9AB8-4E02-AFE4-782D8B479FDA}.StockDebug|Mixed Platforms.Build.0 = Debug|Any CPU
		{660DC428-9AB8-4E02-AFE4-782D8B479FDA}.StockDebug|Pocket PC 2003 (ARMV4).ActiveCfg = Debug|Any CPU
		{660DC428-9AB8-4E02-AFE4-782D8B479FDA}.StockDebug|Win32.ActiveCfg = Debug|Any CPU
		{660DC428-9AB8-4E02-AFE4-782D8B479FDA}.StockDebug|x64.ActiveCfg = Debug|Any CPU
		{4411A069-BFED-4E88-9015-81D1235343D6}.Debug - Stock|Any CPU.ActiveCfg = Debug|Any CPU
		{4411A069-BFED-4E88-9015-81D1235343D6}.Debug - Stock|Any CPU.Build.0 = Debug|Any CPU
		{4411A069-BFED-4E88-9015-81D1235343D6}.Debug - Stock|Compact Framework (ARMV4).ActiveCfg = Debug|Any CPU
		{4411A069-BFED-4E88-9015-81D1235343D6}.Debug - Stock|Itanium.ActiveCfg = Debug|Any CPU
		{4411A069-BFED-4E88-9015-81D1235343D6}.Debug - Stock|Mixed Platforms.ActiveCfg = Debug|Any CPU
		{4411A069-BFED-4E88-9015-81D1235343D6}.Debug - Stock|Mixed Platforms.Build.0 = Debug|Any CPU
		{4411A069-BFED-4E88-9015-81D1235343D6}.Debug - Stock|Pocket PC 2003 (ARMV4).ActiveCfg = Debug|Any CPU
		{4411A069-BFED-4E88-9015-81D1235343D6}.Debug - Stock|Win32.ActiveCfg = Debug|Any CPU
		{4411A069-BFED-4E88-9015-81D1235343D6}.Debug - Stock|x64.ActiveCfg = Debug|Any CPU
		{4411A069-BFED-4E88-9015-81D1235343D6}.Debug|Any CPU.ActiveCfg = Debug|Any CPU
		{4411A069-BFED-4E88-9015-81D1235343D6}.Debug|Any CPU.Build.0 = Debug|Any CPU
		{4411A069-BFED-4E88-9015-81D1235343D6}.Debug|Compact Framework (ARMV4).ActiveCfg = Debug|Any CPU
		{4411A069-BFED-4E88-9015-81D1235343D6}.Debug|Itanium.ActiveCfg = Debug|Any CPU
		{4411A069-BFED-4E88-9015-81D1235343D6}.Debug|Mixed Platforms.ActiveCfg = Debug|Any CPU
		{4411A069-BFED-4E88-9015-81D1235343D6}.Debug|Mixed Platforms.Build.0 = Debug|Any CPU
		{4411A069-BFED-4E88-9015-81D1235343D6}.Debug|Pocket PC 2003 (ARMV4).ActiveCfg = Debug|Any CPU
		{4411A069-BFED-4E88-9015-81D1235343D6}.Debug|Win32.ActiveCfg = Debug|Any CPU
		{4411A069-BFED-4E88-9015-81D1235343D6}.Debug|x64.ActiveCfg = Debug|Any CPU
		{4411A069-BFED-4E88-9015-81D1235343D6}.Release - Stock|Any CPU.ActiveCfg = Release|Any CPU
		{4411A069-BFED-4E88-9015-81D1235343D6}.Release - Stock|Any CPU.Build.0 = Release|Any CPU
		{4411A069-BFED-4E88-9015-81D1235343D6}.Release - Stock|Compact Framework (ARMV4).ActiveCfg = Release|Any CPU
		{4411A069-BFED-4E88-9015-81D1235343D6}.Release - Stock|Itanium.ActiveCfg = Release|Any CPU
		{4411A069-BFED-4E88-9015-81D1235343D6}.Release - Stock|Mixed Platforms.ActiveCfg = Release|Any CPU
		{4411A069-BFED-4E88-9015-81D1235343D6}.Release - Stock|Mixed Platforms.Build.0 = Release|Any CPU
		{4411A069-BFED-4E88-9015-81D1235343D6}.Release - Stock|Pocket PC 2003 (ARMV4).ActiveCfg = Release|Any CPU
		{4411A069-BFED-4E88-9015-81D1235343D6}.Release - Stock|Win32.ActiveCfg = Release|Any CPU
		{4411A069-BFED-4E88-9015-81D1235343D6}.Release - Stock|x64.ActiveCfg = Release|Any CPU
		{4411A069-BFED-4E88-9015-81D1235343D6}.Release|Any CPU.ActiveCfg = Release|Any CPU
		{4411A069-BFED-4E88-9015-81D1235343D6}.Release|Any CPU.Build.0 = Release|Any CPU
		{4411A069-BFED-4E88-9015-81D1235343D6}.Release|Compact Framework (ARMV4).ActiveCfg = Release|Any CPU
		{4411A069-BFED-4E88-9015-81D1235343D6}.Release|Itanium.ActiveCfg = Release|Any CPU
		{4411A069-BFED-4E88-9015-81D1235343D6}.Release|Mixed Platforms.ActiveCfg = Release|Any CPU
		{4411A069-BFED-4E88-9015-81D1235343D6}.Release|Mixed Platforms.Build.0 = Release|Any CPU
		{4411A069-BFED-4E88-9015-81D1235343D6}.Release|Pocket PC 2003 (ARMV4).ActiveCfg = Release|Any CPU
		{4411A069-BFED-4E88-9015-81D1235343D6}.Release|Win32.ActiveCfg = Release|Any CPU
		{4411A069-BFED-4E88-9015-81D1235343D6}.Release|x64.ActiveCfg = Release|Any CPU
		{4411A069-BFED-4E88-9015-81D1235343D6}.StockDebug|Any CPU.ActiveCfg = Debug|Any CPU
		{4411A069-BFED-4E88-9015-81D1235343D6}.StockDebug|Any CPU.Build.0 = Debug|Any CPU
		{4411A069-BFED-4E88-9015-81D1235343D6}.StockDebug|Compact Framework (ARMV4).ActiveCfg = Debug|Any CPU
		{4411A069-BFED-4E88-9015-81D1235343D6}.StockDebug|Itanium.ActiveCfg = Debug|Any CPU
		{4411A069-BFED-4E88-9015-81D1235343D6}.StockDebug|Mixed Platforms.ActiveCfg = Debug|Any CPU
		{4411A069-BFED-4E88-9015-81D1235343D6}.StockDebug|Mixed Platforms.Build.0 = Debug|Any CPU
		{4411A069-BFED-4E88-9015-81D1235343D6}.StockDebug|Pocket PC 2003 (ARMV4).ActiveCfg = Debug|Any CPU
		{4411A069-BFED-4E88-9015-81D1235343D6}.StockDebug|Win32.ActiveCfg = Debug|Any CPU
		{4411A069-BFED-4E88-9015-81D1235343D6}.StockDebug|x64.ActiveCfg = Debug|Any CPU
		{5EDF9E80-56D2-427A-910C-83DDDAB78230}.Debug - Stock|Any CPU.ActiveCfg = Debug|Any CPU
		{5EDF9E80-56D2-427A-910C-83DDDAB78230}.Debug - Stock|Any CPU.Build.0 = Debug|Any CPU
		{5EDF9E80-56D2-427A-910C-83DDDAB78230}.Debug - Stock|Compact Framework (ARMV4).ActiveCfg = Debug|Any CPU
		{5EDF9E80-56D2-427A-910C-83DDDAB78230}.Debug - Stock|Itanium.ActiveCfg = Debug|Any CPU
		{5EDF9E80-56D2-427A-910C-83DDDAB78230}.Debug - Stock|Mixed Platforms.ActiveCfg = Debug|Any CPU
		{5EDF9E80-56D2-427A-910C-83DDDAB78230}.Debug - Stock|Mixed Platforms.Build.0 = Debug|Any CPU
		{5EDF9E80-56D2-427A-910C-83DDDAB78230}.Debug - Stock|Pocket PC 2003 (ARMV4).ActiveCfg = Debug|Any CPU
		{5EDF9E80-56D2-427A-910C-83DDDAB78230}.Debug - Stock|Win32.ActiveCfg = Debug|Any CPU
		{5EDF9E80-56D2-427A-910C-83DDDAB78230}.Debug - Stock|x64.ActiveCfg = Debug|Any CPU
		{5EDF9E80-56D2-427A-910C-83DDDAB78230}.Debug|Any CPU.ActiveCfg = Debug|Any CPU
		{5EDF9E80-56D2-427A-910C-83DDDAB78230}.Debug|Any CPU.Build.0 = Debug|Any CPU
		{5EDF9E80-56D2-427A-910C-83DDDAB78230}.Debug|Compact Framework (ARMV4).ActiveCfg = Debug|Any CPU
		{5EDF9E80-56D2-427A-910C-83DDDAB78230}.Debug|Itanium.ActiveCfg = Debug|Any CPU
		{5EDF9E80-56D2-427A-910C-83DDDAB78230}.Debug|Mixed Platforms.ActiveCfg = Debug|Any CPU
		{5EDF9E80-56D2-427A-910C-83DDDAB78230}.Debug|Mixed Platforms.Build.0 = Debug|Any CPU
		{5EDF9E80-56D2-427A-910C-83DDDAB78230}.Debug|Pocket PC 2003 (ARMV4).ActiveCfg = Debug|Any CPU
		{5EDF9E80-56D2-427A-910C-83DDDAB78230}.Debug|Win32.ActiveCfg = Debug|Any CPU
		{5EDF9E80-56D2-427A-910C-83DDDAB78230}.Debug|x64.ActiveCfg = Debug|Any CPU
		{5EDF9E80-56D2-427A-910C-83DDDAB78230}.Release - Stock|Any CPU.ActiveCfg = Release|Any CPU
		{5EDF9E80-56D2-427A-910C-83DDDAB78230}.Release - Stock|Any CPU.Build.0 = Release|Any CPU
		{5EDF9E80-56D2-427A-910C-83DDDAB78230}.Release - Stock|Compact Framework (ARMV4).ActiveCfg = Release|Any CPU
		{5EDF9E80-56D2-427A-910C-83DDDAB78230}.Release - Stock|Itanium.ActiveCfg = Release|Any CPU
		{5EDF9E80-56D2-427A-910C-83DDDAB78230}.Release - Stock|Mixed Platforms.ActiveCfg = Release|Any CPU
		{5EDF9E80-56D2-427A-910C-83DDDAB78230}.Release - Stock|Mixed Platforms.Build.0 = Release|Any CPU
		{5EDF9E80-56D2-427A-910C-83DDDAB78230}.Release - Stock|Pocket PC 2003 (ARMV4).ActiveCfg = Release|Any CPU
		{5EDF9E80-56D2-427A-910C-83DDDAB78230}.Release - Stock|Win32.ActiveCfg = Release|Any CPU
		{5EDF9E80-56D2-427A-910C-83DDDAB78230}.Release - Stock|x64.ActiveCfg = Release|Any CPU
		{5EDF9E80-56D2-427A-910C-83DDDAB78230}.Release|Any CPU.ActiveCfg = Release|Any CPU
		{5EDF9E80-56D2-427A-910C-83DDDAB78230}.Release|Any CPU.Build.0 = Release|Any CPU
		{5EDF9E80-56D2-427A-910C-83DDDAB78230}.Release|Compact Framework (ARMV4).ActiveCfg = Release|Any CPU
		{5EDF9E80-56D2-427A-910C-83DDDAB78230}.Release|Itanium.ActiveCfg = Release|Any CPU
		{5EDF9E80-56D2-427A-910C-83DDDAB78230}.Release|Mixed Platforms.ActiveCfg = Release|Any CPU
		{5EDF9E80-56D2-427A-910C-83DDDAB78230}.Release|Mixed Platforms.Build.0 = Release|Any CPU
		{5EDF9E80-56D2-427A-910C-83DDDAB78230}.Release|Pocket PC 2003 (ARMV4).ActiveCfg = Release|Any CPU
		{5EDF9E80-56D2-427A-910C-83DDDAB78230}.Release|Win32.ActiveCfg = Release|Any CPU
		{5EDF9E80-56D2-427A-910C-83DDDAB78230}.Release|x64.ActiveCfg = Release|Any CPU
		{5EDF9E80-56D2-427A-910C-83DDDAB78230}.StockDebug|Any CPU.ActiveCfg = Debug|Any CPU
		{5EDF9E80-56D2-427A-910C-83DDDAB78230}.StockDebug|Any CPU.Build.0 = Debug|Any CPU
		{5EDF9E80-56D2-427A-910C-83DDDAB78230}.StockDebug|Compact Framework (ARMV4).ActiveCfg = Debug|Any CPU
		{5EDF9E80-56D2-427A-910C-83DDDAB78230}.StockDebug|Itanium.ActiveCfg = Debug|Any CPU
		{5EDF9E80-56D2-427A-910C-83DDDAB78230}.StockDebug|Mixed Platforms.ActiveCfg = Debug|Any CPU
		{5EDF9E80-56D2-427A-910C-83DDDAB78230}.StockDebug|Mixed Platforms.Build.0 = Debug|Any CPU
		{5EDF9E80-56D2-427A-910C-83DDDAB78230}.StockDebug|Pocket PC 2003 (ARMV4).ActiveCfg = Debug|Any CPU
		{5EDF9E80-56D2-427A-910C-83DDDAB78230}.StockDebug|Win32.ActiveCfg = Debug|Any CPU
		{5EDF9E80-56D2-427A-910C-83DDDAB78230}.StockDebug|x64.ActiveCfg = Debug|Any CPU
		{1B17042D-15E1-47C1-9E48-4C4237ADDFFC}.Debug - Stock|Any CPU.ActiveCfg = Debug|Any CPU
		{1B17042D-15E1-47C1-9E48-4C4237ADDFFC}.Debug - Stock|Any CPU.Build.0 = Debug|Any CPU
		{1B17042D-15E1-47C1-9E48-4C4237ADDFFC}.Debug - Stock|Compact Framework (ARMV4).ActiveCfg = Debug|Any CPU
		{1B17042D-15E1-47C1-9E48-4C4237ADDFFC}.Debug - Stock|Itanium.ActiveCfg = Debug|Any CPU
		{1B17042D-15E1-47C1-9E48-4C4237ADDFFC}.Debug - Stock|Mixed Platforms.ActiveCfg = Debug|Any CPU
		{1B17042D-15E1-47C1-9E48-4C4237ADDFFC}.Debug - Stock|Mixed Platforms.Build.0 = Debug|Any CPU
		{1B17042D-15E1-47C1-9E48-4C4237ADDFFC}.Debug - Stock|Pocket PC 2003 (ARMV4).ActiveCfg = Debug|Any CPU
		{1B17042D-15E1-47C1-9E48-4C4237ADDFFC}.Debug - Stock|Win32.ActiveCfg = Debug|Any CPU
		{1B17042D-15E1-47C1-9E48-4C4237ADDFFC}.Debug - Stock|x64.ActiveCfg = Debug|Any CPU
		{1B17042D-15E1-47C1-9E48-4C4237ADDFFC}.Debug|Any CPU.ActiveCfg = Debug|Any CPU
		{1B17042D-15E1-47C1-9E48-4C4237ADDFFC}.Debug|Any CPU.Build.0 = Debug|Any CPU
		{1B17042D-15E1-47C1-9E48-4C4237ADDFFC}.Debug|Compact Framework (ARMV4).ActiveCfg = Debug|Any CPU
		{1B17042D-15E1-47C1-9E48-4C4237ADDFFC}.Debug|Itanium.ActiveCfg = Debug|Any CPU
		{1B17042D-15E1-47C1-9E48-4C4237ADDFFC}.Debug|Mixed Platforms.ActiveCfg = Debug|Any CPU
		{1B17042D-15E1-47C1-9E48-4C4237ADDFFC}.Debug|Mixed Platforms.Build.0 = Debug|Any CPU
		{1B17042D-15E1-47C1-9E48-4C4237ADDFFC}.Debug|Pocket PC 2003 (ARMV4).ActiveCfg = Debug|Any CPU
		{1B17042D-15E1-47C1-9E48-4C4237ADDFFC}.Debug|Win32.ActiveCfg = Debug|Any CPU
		{1B17042D-15E1-47C1-9E48-4C4237ADDFFC}.Debug|x64.ActiveCfg = Debug|Any CPU
		{1B17042D-15E1-47C1-9E48-4C4237ADDFFC}.Release - Stock|Any CPU.ActiveCfg = Release|Any CPU
		{1B17042D-15E1-47C1-9E48-4C4237ADDFFC}.Release - Stock|Any CPU.Build.0 = Release|Any CPU
		{1B17042D-15E1-47C1-9E48-4C4237ADDFFC}.Release - Stock|Compact Framework (ARMV4).ActiveCfg = Release|Any CPU
		{1B17042D-15E1-47C1-9E48-4C4237ADDFFC}.Release - Stock|Itanium.ActiveCfg = Release|Any CPU
		{1B17042D-15E1-47C1-9E48-4C4237ADDFFC}.Release - Stock|Mixed Platforms.ActiveCfg = Release|Any CPU
		{1B17042D-15E1-47C1-9E48-4C4237ADDFFC}.Release - Stock|Mixed Platforms.Build.0 = Release|Any CPU
		{1B17042D-15E1-47C1-9E48-4C4237ADDFFC}.Release - Stock|Pocket PC 2003 (ARMV4).ActiveCfg = Release|Any CPU
		{1B17042D-15E1-47C1-9E48-4C4237ADDFFC}.Release - Stock|Win32.ActiveCfg = Release|Any CPU
		{1B17042D-15E1-47C1-9E48-4C4237ADDFFC}.Release - Stock|x64.ActiveCfg = Release|Any CPU
		{1B17042D-15E1-47C1-9E48-4C4237ADDFFC}.Release|Any CPU.ActiveCfg = Release|Any CPU
		{1B17042D-15E1-47C1-9E48-4C4237ADDFFC}.Release|Any CPU.Build.0 = Release|Any CPU
		{1B17042D-15E1-47C1-9E48-4C4237ADDFFC}.Release|Compact Framework (ARMV4).ActiveCfg = Release|Any CPU
		{1B17042D-15E1-47C1-9E48-4C4237ADDFFC}.Release|Itanium.ActiveCfg = Release|Any CPU
		{1B17042D-15E1-47C1-9E48-4C4237ADDFFC}.Release|Mixed Platforms.ActiveCfg = Release|Any CPU
		{1B17042D-15E1-47C1-9E48-4C4237ADDFFC}.Release|Mixed Platforms.Build.0 = Release|Any CPU
		{1B17042D-15E1-47C1-9E48-4C4237ADDFFC}.Release|Pocket PC 2003 (ARMV4).ActiveCfg = Release|Any CPU
		{1B17042D-15E1-47C1-9E48-4C4237ADDFFC}.Release|Win32.ActiveCfg = Release|Any CPU
		{1B17042D-15E1-47C1-9E48-4C4237ADDFFC}.Release|x64.ActiveCfg = Release|Any CPU
		{1B17042D-15E1-47C1-9E48-4C4237ADDFFC}.StockDebug|Any CPU.ActiveCfg = Debug|Any CPU
		{1B17042D-15E1-47C1-9E48-4C4237ADDFFC}.StockDebug|Any CPU.Build.0 = Debug|Any CPU
		{1B17042D-15E1-47C1-9E48-4C4237ADDFFC}.StockDebug|Compact Framework (ARMV4).ActiveCfg = Debug|Any CPU
		{1B17042D-15E1-47C1-9E48-4C4237ADDFFC}.StockDebug|Itanium.ActiveCfg = Debug|Any CPU
		{1B17042D-15E1-47C1-9E48-4C4237ADDFFC}.StockDebug|Mixed Platforms.ActiveCfg = Debug|Any CPU
		{1B17042D-15E1-47C1-9E48-4C4237ADDFFC}.StockDebug|Mixed Platforms.Build.0 = Debug|Any CPU
		{1B17042D-15E1-47C1-9E48-4C4237ADDFFC}.StockDebug|Pocket PC 2003 (ARMV4).ActiveCfg = Debug|Any CPU
		{1B17042D-15E1-47C1-9E48-4C4237ADDFFC}.StockDebug|Win32.ActiveCfg = Debug|Any CPU
		{1B17042D-15E1-47C1-9E48-4C4237ADDFFC}.StockDebug|x64.ActiveCfg = Debug|Any CPU
		{C050E823-BB15-494A-B8F0-AC693DC76A0A}.Debug - Stock|Any CPU.ActiveCfg = Debug|Any CPU
		{C050E823-BB15-494A-B8F0-AC693DC76A0A}.Debug - Stock|Any CPU.Build.0 = Debug|Any CPU
		{C050E823-BB15-494A-B8F0-AC693DC76A0A}.Debug - Stock|Compact Framework (ARMV4).ActiveCfg = Debug|Any CPU
		{C050E823-BB15-494A-B8F0-AC693DC76A0A}.Debug - Stock|Itanium.ActiveCfg = Debug|Any CPU
		{C050E823-BB15-494A-B8F0-AC693DC76A0A}.Debug - Stock|Mixed Platforms.ActiveCfg = Debug|Any CPU
		{C050E823-BB15-494A-B8F0-AC693DC76A0A}.Debug - Stock|Mixed Platforms.Build.0 = Debug|Any CPU
		{C050E823-BB15-494A-B8F0-AC693DC76A0A}.Debug - Stock|Pocket PC 2003 (ARMV4).ActiveCfg = Debug|Any CPU
		{C050E823-BB15-494A-B8F0-AC693DC76A0A}.Debug - Stock|Win32.ActiveCfg = Debug|Any CPU
		{C050E823-BB15-494A-B8F0-AC693DC76A0A}.Debug - Stock|x64.ActiveCfg = Debug|Any CPU
		{C050E823-BB15-494A-B8F0-AC693DC76A0A}.Debug|Any CPU.ActiveCfg = Debug|Any CPU
		{C050E823-BB15-494A-B8F0-AC693DC76A0A}.Debug|Any CPU.Build.0 = Debug|Any CPU
		{C050E823-BB15-494A-B8F0-AC693DC76A0A}.Debug|Compact Framework (ARMV4).ActiveCfg = Debug|Any CPU
		{C050E823-BB15-494A-B8F0-AC693DC76A0A}.Debug|Itanium.ActiveCfg = Debug|Any CPU
		{C050E823-BB15-494A-B8F0-AC693DC76A0A}.Debug|Mixed Platforms.ActiveCfg = Debug|Any CPU
		{C050E823-BB15-494A-B8F0-AC693DC76A0A}.Debug|Mixed Platforms.Build.0 = Debug|Any CPU
		{C050E823-BB15-494A-B8F0-AC693DC76A0A}.Debug|Pocket PC 2003 (ARMV4).ActiveCfg = Debug|Any CPU
		{C050E823-BB15-494A-B8F0-AC693DC76A0A}.Debug|Win32.ActiveCfg = Debug|Any CPU
		{C050E823-BB15-494A-B8F0-AC693DC76A0A}.Debug|x64.ActiveCfg = Debug|Any CPU
		{C050E823-BB15-494A-B8F0-AC693DC76A0A}.Release - Stock|Any CPU.ActiveCfg = Release|Any CPU
		{C050E823-BB15-494A-B8F0-AC693DC76A0A}.Release - Stock|Any CPU.Build.0 = Release|Any CPU
		{C050E823-BB15-494A-B8F0-AC693DC76A0A}.Release - Stock|Compact Framework (ARMV4).ActiveCfg = Release|Any CPU
		{C050E823-BB15-494A-B8F0-AC693DC76A0A}.Release - Stock|Itanium.ActiveCfg = Release|Any CPU
		{C050E823-BB15-494A-B8F0-AC693DC76A0A}.Release - Stock|Mixed Platforms.ActiveCfg = Release|Any CPU
		{C050E823-BB15-494A-B8F0-AC693DC76A0A}.Release - Stock|Mixed Platforms.Build.0 = Release|Any CPU
		{C050E823-BB15-494A-B8F0-AC693DC76A0A}.Release - Stock|Pocket PC 2003 (ARMV4).ActiveCfg = Release|Any CPU
		{C050E823-BB15-494A-B8F0-AC693DC76A0A}.Release - Stock|Win32.ActiveCfg = Release|Any CPU
		{C050E823-BB15-494A-B8F0-AC693DC76A0A}.Release - Stock|x64.ActiveCfg = Release|Any CPU
		{C050E823-BB15-494A-B8F0-AC693DC76A0A}.Release|Any CPU.ActiveCfg = Release|Any CPU
		{C050E823-BB15-494A-B8F0-AC693DC76A0A}.Release|Any CPU.Build.0 = Release|Any CPU
		{C050E823-BB15-494A-B8F0-AC693DC76A0A}.Release|Compact Framework (ARMV4).ActiveCfg = Release|Any CPU
		{C050E823-BB15-494A-B8F0-AC693DC76A0A}.Release|Itanium.ActiveCfg = Release|Any CPU
		{C050E823-BB15-494A-B8F0-AC693DC76A0A}.Release|Mixed Platforms.ActiveCfg = Release|Any CPU
		{C050E823-BB15-494A-B8F0-AC693DC76A0A}.Release|Mixed Platforms.Build.0 = Release|Any CPU
		{C050E823-BB15-494A-B8F0-AC693DC76A0A}.Release|Pocket PC 2003 (ARMV4).ActiveCfg = Release|Any CPU
		{C050E823-BB15-494A-B8F0-AC693DC76A0A}.Release|Win32.ActiveCfg = Release|Any CPU
		{C050E823-BB15-494A-B8F0-AC693DC76A0A}.Release|x64.ActiveCfg = Release|Any CPU
		{C050E823-BB15-494A-B8F0-AC693DC76A0A}.StockDebug|Any CPU.ActiveCfg = Debug|Any CPU
		{C050E823-BB15-494A-B8F0-AC693DC76A0A}.StockDebug|Any CPU.Build.0 = Debug|Any CPU
		{C050E823-BB15-494A-B8F0-AC693DC76A0A}.StockDebug|Compact Framework (ARMV4).ActiveCfg = Debug|Any CPU
		{C050E823-BB15-494A-B8F0-AC693DC76A0A}.StockDebug|Itanium.ActiveCfg = Debug|Any CPU
		{C050E823-BB15-494A-B8F0-AC693DC76A0A}.StockDebug|Mixed Platforms.ActiveCfg = Debug|Any CPU
		{C050E823-BB15-494A-B8F0-AC693DC76A0A}.StockDebug|Mixed Platforms.Build.0 = Debug|Any CPU
		{C050E823-BB15-494A-B8F0-AC693DC76A0A}.StockDebug|Pocket PC 2003 (ARMV4).ActiveCfg = Debug|Any CPU
		{C050E823-BB15-494A-B8F0-AC693DC76A0A}.StockDebug|Win32.ActiveCfg = Debug|Any CPU
		{C050E823-BB15-494A-B8F0-AC693DC76A0A}.StockDebug|x64.ActiveCfg = Debug|Any CPU
		{1ABADDF5-F6AF-46D7-853D-49E243AF9CF7}.Debug - Stock|Any CPU.ActiveCfg = Debug|Any CPU
		{1ABADDF5-F6AF-46D7-853D-49E243AF9CF7}.Debug - Stock|Any CPU.Build.0 = Debug|Any CPU
		{1ABADDF5-F6AF-46D7-853D-49E243AF9CF7}.Debug - Stock|Compact Framework (ARMV4).ActiveCfg = Debug|Any CPU
		{1ABADDF5-F6AF-46D7-853D-49E243AF9CF7}.Debug - Stock|Itanium.ActiveCfg = Debug|Any CPU
		{1ABADDF5-F6AF-46D7-853D-49E243AF9CF7}.Debug - Stock|Mixed Platforms.ActiveCfg = Debug|Any CPU
		{1ABADDF5-F6AF-46D7-853D-49E243AF9CF7}.Debug - Stock|Mixed Platforms.Build.0 = Debug|Any CPU
		{1ABADDF5-F6AF-46D7-853D-49E243AF9CF7}.Debug - Stock|Pocket PC 2003 (ARMV4).ActiveCfg = Debug|Any CPU
		{1ABADDF5-F6AF-46D7-853D-49E243AF9CF7}.Debug - Stock|Win32.ActiveCfg = Debug|Any CPU
		{1ABADDF5-F6AF-46D7-853D-49E243AF9CF7}.Debug - Stock|x64.ActiveCfg = Debug|Any CPU
		{1ABADDF5-F6AF-46D7-853D-49E243AF9CF7}.Debug|Any CPU.ActiveCfg = Debug|Any CPU
		{1ABADDF5-F6AF-46D7-853D-49E243AF9CF7}.Debug|Any CPU.Build.0 = Debug|Any CPU
		{1ABADDF5-F6AF-46D7-853D-49E243AF9CF7}.Debug|Compact Framework (ARMV4).ActiveCfg = Debug|Any CPU
		{1ABADDF5-F6AF-46D7-853D-49E243AF9CF7}.Debug|Itanium.ActiveCfg = Debug|Any CPU
		{1ABADDF5-F6AF-46D7-853D-49E243AF9CF7}.Debug|Mixed Platforms.ActiveCfg = Debug|Any CPU
		{1ABADDF5-F6AF-46D7-853D-49E243AF9CF7}.Debug|Mixed Platforms.Build.0 = Debug|Any CPU
		{1ABADDF5-F6AF-46D7-853D-49E243AF9CF7}.Debug|Pocket PC 2003 (ARMV4).ActiveCfg = Debug|Any CPU
		{1ABADDF5-F6AF-46D7-853D-49E243AF9CF7}.Debug|Win32.ActiveCfg = Debug|Any CPU
		{1ABADDF5-F6AF-46D7-853D-49E243AF9CF7}.Debug|x64.ActiveCfg = Debug|Any CPU
		{1ABADDF5-F6AF-46D7-853D-49E243AF9CF7}.Release - Stock|Any CPU.ActiveCfg = Release|Any CPU
		{1ABADDF5-F6AF-46D7-853D-49E243AF9CF7}.Release - Stock|Any CPU.Build.0 = Release|Any CPU
		{1ABADDF5-F6AF-46D7-853D-49E243AF9CF7}.Release - Stock|Compact Framework (ARMV4).ActiveCfg = Release|Any CPU
		{1ABADDF5-F6AF-46D7-853D-49E243AF9CF7}.Release - Stock|Itanium.ActiveCfg = Release|Any CPU
		{1ABADDF5-F6AF-46D7-853D-49E243AF9CF7}.Release - Stock|Mixed Platforms.ActiveCfg = Release|Any CPU
		{1ABADDF5-F6AF-46D7-853D-49E243AF9CF7}.Release - Stock|Mixed Platforms.Build.0 = Release|Any CPU
		{1ABADDF5-F6AF-46D7-853D-49E243AF9CF7}.Release - Stock|Pocket PC 2003 (ARMV4).ActiveCfg = Release|Any CPU
		{1ABADDF5-F6AF-46D7-853D-49E243AF9CF7}.Release - Stock|Win32.ActiveCfg = Release|Any CPU
		{1ABADDF5-F6AF-46D7-853D-49E243AF9CF7}.Release - Stock|x64.ActiveCfg = Release|Any CPU
		{1ABADDF5-F6AF-46D7-853D-49E243AF9CF7}.Release|Any CPU.ActiveCfg = Release|Any CPU
		{1ABADDF5-F6AF-46D7-853D-49E243AF9CF7}.Release|Any CPU.Build.0 = Release|Any CPU
		{1ABADDF5-F6AF-46D7-853D-49E243AF9CF7}.Release|Compact Framework (ARMV4).ActiveCfg = Release|Any CPU
		{1ABADDF5-F6AF-46D7-853D-49E243AF9CF7}.Release|Itanium.ActiveCfg = Release|Any CPU
		{1ABADDF5-F6AF-46D7-853D-49E243AF9CF7}.Release|Mixed Platforms.ActiveCfg = Release|Any CPU
		{1ABADDF5-F6AF-46D7-853D-49E243AF9CF7}.Release|Mixed Platforms.Build.0 = Release|Any CPU
		{1ABADDF5-F6AF-46D7-853D-49E243AF9CF7}.Release|Pocket PC 2003 (ARMV4).ActiveCfg = Release|Any CPU
		{1ABADDF5-F6AF-46D7-853D-49E243AF9CF7}.Release|Win32.ActiveCfg = Release|Any CPU
		{1ABADDF5-F6AF-46D7-853D-49E243AF9CF7}.Release|x64.ActiveCfg = Release|Any CPU
		{1ABADDF5-F6AF-46D7-853D-49E243AF9CF7}.StockDebug|Any CPU.ActiveCfg = Debug|Any CPU
		{1ABADDF5-F6AF-46D7-853D-49E243AF9CF7}.StockDebug|Any CPU.Build.0 = Debug|Any CPU
		{1ABADDF5-F6AF-46D7-853D-49E243AF9CF7}.StockDebug|Compact Framework (ARMV4).ActiveCfg = Debug|Any CPU
		{1ABADDF5-F6AF-46D7-853D-49E243AF9CF7}.StockDebug|Itanium.ActiveCfg = Debug|Any CPU
		{1ABADDF5-F6AF-46D7-853D-49E243AF9CF7}.StockDebug|Mixed Platforms.ActiveCfg = Debug|Any CPU
		{1ABADDF5-F6AF-46D7-853D-49E243AF9CF7}.StockDebug|Mixed Platforms.Build.0 = Debug|Any CPU
		{1ABADDF5-F6AF-46D7-853D-49E243AF9CF7}.StockDebug|Pocket PC 2003 (ARMV4).ActiveCfg = Debug|Any CPU
		{1ABADDF5-F6AF-46D7-853D-49E243AF9CF7}.StockDebug|Win32.ActiveCfg = Debug|Any CPU
		{1ABADDF5-F6AF-46D7-853D-49E243AF9CF7}.StockDebug|x64.ActiveCfg = Debug|Any CPU
	EndGlobalSection
	GlobalSection(SolutionProperties) = preSolution
		HideSolutionNode = FALSE
	EndGlobalSection
EndGlobal
